
Microsoft Visual Studio Solution File, Format Version 12.00
# Visual Studio 15
VisualStudioVersion = 15.0.26124.0
MinimumVisualStudioVersion = 15.0.26124.0
Project("{FAE04EC0-301F-11D3-BF4B-00C04F79EFBC}") = "PositionCalculator", "PositionCalculator\PositionCalculator.csproj", "{FBB74748-54E1-4CD1-A0D4-02DF2CC3A9E6}"
EndProject
Project("{FAE04EC0-301F-11D3-BF4B-00C04F79EFBC}") = "PositionCalculator.Tests", "PositionCalculator.Tests\PositionCalculator.Tests.csproj", "{8ECD4E48-9EFA-4F37-B2BB-96A153C8D50C}"
EndProject
Global
	GlobalSection(SolutionConfigurationPlatforms) = preSolution
		Debug|Any CPU = Debug|Any CPU
		Debug|x64 = Debug|x64
		Debug|x86 = Debug|x86
		Release|Any CPU = Release|Any CPU
		Release|x64 = Release|x64
		Release|x86 = Release|x86
	EndGlobalSection
	GlobalSection(SolutionProperties) = preSolution
		HideSolutionNode = FALSE
	EndGlobalSection
	GlobalSection(ProjectConfigurationPlatforms) = postSolution
		{FBB74748-54E1-4CD1-A0D4-02DF2CC3A9E6}.Debug|Any CPU.ActiveCfg = Debug|Any CPU
		{FBB74748-54E1-4CD1-A0D4-02DF2CC3A9E6}.Debug|Any CPU.Build.0 = Debug|Any CPU
		{FBB74748-54E1-4CD1-A0D4-02DF2CC3A9E6}.Debug|x64.ActiveCfg = Debug|x64
		{FBB74748-54E1-4CD1-A0D4-02DF2CC3A9E6}.Debug|x64.Build.0 = Debug|x64
		{FBB74748-54E1-4CD1-A0D4-02DF2CC3A9E6}.Debug|x86.ActiveCfg = Debug|x86
		{FBB74748-54E1-4CD1-A0D4-02DF2CC3A9E6}.Debug|x86.Build.0 = Debug|x86
		{FBB74748-54E1-4CD1-A0D4-02DF2CC3A9E6}.Release|Any CPU.ActiveCfg = Release|Any CPU
		{FBB74748-54E1-4CD1-A0D4-02DF2CC3A9E6}.Release|Any CPU.Build.0 = Release|Any CPU
		{FBB74748-54E1-4CD1-A0D4-02DF2CC3A9E6}.Release|x64.ActiveCfg = Release|x64
		{FBB74748-54E1-4CD1-A0D4-02DF2CC3A9E6}.Release|x64.Build.0 = Release|x64
		{FBB74748-54E1-4CD1-A0D4-02DF2CC3A9E6}.Release|x86.ActiveCfg = Release|x86
		{FBB74748-54E1-4CD1-A0D4-02DF2CC3A9E6}.Release|x86.Build.0 = Release|x86
		{8ECD4E48-9EFA-4F37-B2BB-96A153C8D50C}.Debug|Any CPU.ActiveCfg = Debug|Any CPU
		{8ECD4E48-9EFA-4F37-B2BB-96A153C8D50C}.Debug|Any CPU.Build.0 = Debug|Any CPU
		{8ECD4E48-9EFA-4F37-B2BB-96A153C8D50C}.Debug|x64.ActiveCfg = Debug|x64
		{8ECD4E48-9EFA-4F37-B2BB-96A153C8D50C}.Debug|x64.Build.0 = Debug|x64
		{8ECD4E48-9EFA-4F37-B2BB-96A153C8D50C}.Debug|x86.ActiveCfg = Debug|x86
		{8ECD4E48-9EFA-4F37-B2BB-96A153C8D50C}.Debug|x86.Build.0 = Debug|x86
		{8ECD4E48-9EFA-4F37-B2BB-96A153C8D50C}.Release|Any CPU.ActiveCfg = Release|Any CPU
		{8ECD4E48-9EFA-4F37-B2BB-96A153C8D50C}.Release|Any CPU.Build.0 = Release|Any CPU
		{8ECD4E48-9EFA-4F37-B2BB-96A153C8D50C}.Release|x64.ActiveCfg = Release|x64
		{8ECD4E48-9EFA-4F37-B2BB-96A153C8D50C}.Release|x64.Build.0 = Release|x64
		{8ECD4E48-9EFA-4F37-B2BB-96A153C8D50C}.Release|x86.ActiveCfg = Release|x86
		{8ECD4E48-9EFA-4F37-B2BB-96A153C8D50C}.Release|x86.Build.0 = Release|x86
	EndGlobalSection
EndGlobal
